// !$*UTF8*$!
{ archiveVersion = 1; classes = {}; objectVersion = 56; objects = {
D44000000000000000000001 = { isa = PBXFileReference; lastKnownFileType = sourcecode.swift; path = "Nova/Protocol/EnterpriseSSO.swift"; sourceTree = SOURCE_ROOT; };
D44000000000000000000011 = { isa = PBXBuildFile; fileRef = D44000000000000000000001; };
D44000000000000000000002 = { isa = PBXFileReference; lastKnownFileType = sourcecode.swift; path = "Nova/Connection/EnterpriseLogin.swift"; sourceTree = SOURCE_ROOT; };
D44000000000000000000012 = { isa = PBXBuildFile; fileRef = D44000000000000000000002; };

C33000000000000000000001 = { isa = PBXFileReference; lastKnownFileType = sourcecode.swift; path = "Nova/Protocol/PairingCode.swift"; sourceTree = SOURCE_ROOT; };
C33000000000000000000011 = { isa = PBXBuildFile; fileRef = C33000000000000000000001; };
C33000000000000000000002 = { isa = PBXFileReference; lastKnownFileType = sourcecode.swift; path = "Nova/Views/PairingScanner.swift"; sourceTree = SOURCE_ROOT; };
C33000000000000000000012 = { isa = PBXBuildFile; fileRef = C33000000000000000000002; };

B22000000000000000000001 = { isa = PBXFileReference; lastKnownFileType = sourcecode.swift; path = "Nova/Audio/AOQAudio.swift"; sourceTree = SOURCE_ROOT; };
B22000000000000000000002 = { isa = PBXBuildFile; fileRef = B22000000000000000000001; };
B22000000000000000000003 = { isa = PBXShellScriptBuildPhase; buildActionMask = 2147483647; files = (); inputPaths = (); outputPaths = (); runOnlyForDeploymentPostprocessing = 0; shellPath = /bin/sh; shellScript = "sh \"$SRCROOT/scripts/embed-aoq.sh\""; name = "Embed AOQ (device only)"; };

A11000000000000000000051 = { isa = PBXFileReference; lastKnownFileType = image.png; path = "Nova/Icons/AppIcon83.5x83.5@2x.png"; sourceTree = SOURCE_ROOT; };
A11000000000000000000052 = { isa = PBXBuildFile; fileRef = A11000000000000000000051; };
A11000000000000000000041 = { isa = PBXFileReference; lastKnownFileType = image.png; path = "Nova/Icons/AppIcon76x76@2x.png"; sourceTree = SOURCE_ROOT; };
A11000000000000000000042 = { isa = PBXBuildFile; fileRef = A11000000000000000000041; };
A11000000000000000000031 = { isa = PBXFileReference; lastKnownFileType = image.png; path = "Nova/Icons/AppIcon76x76.png"; sourceTree = SOURCE_ROOT; };
A11000000000000000000032 = { isa = PBXBuildFile; fileRef = A11000000000000000000031; };
A11000000000000000000021 = { isa = PBXFileReference; lastKnownFileType = image.png; path = "Nova/Icons/AppIcon60x60@3x.png"; sourceTree = SOURCE_ROOT; };
A11000000000000000000022 = { isa = PBXBuildFile; fileRef = A11000000000000000000021; };
A11000000000000000000011 = { isa = PBXFileReference; lastKnownFileType = image.png; path = "Nova/Icons/AppIcon60x60@2x.png"; sourceTree = SOURCE_ROOT; };
A11000000000000000000012 = { isa = PBXBuildFile; fileRef = A11000000000000000000011; };
A11000000000000000000001 = { isa = PBXFileReference; lastKnownFileType = folder.assetcatalog; path = "Nova/Assets.xcassets"; sourceTree = SOURCE_ROOT; };
7688438DA4AF42F3BC04364C = { isa = PBXFileReference; lastKnownFileType = sourcecode.swift; path = "Nova/Audio/VoiceAudio.swift"; sourceTree = SOURCE_ROOT; };
0BB16E5886722ABC84641007 = { isa = PBXBuildFile; fileRef = 7688438DA4AF42F3BC04364C; };
58A7FC6A52DE002DF046A37D = { isa = PBXFileReference; lastKnownFileType = sourcecode.swift; path = "Nova/Connection/Client.swift"; sourceTree = SOURCE_ROOT; };
55DE389689C9C1205A43C743 = { isa = PBXBuildFile; fileRef = 58A7FC6A52DE002DF046A37D; };
0EF9756782B7ABD871851369 = { isa = PBXFileReference; lastKnownFileType = sourcecode.swift; path = "Nova/Connection/Credentials.swift"; sourceTree = SOURCE_ROOT; };
14407905949EB036BD448714 = { isa = PBXBuildFile; fileRef = 0EF9756782B7ABD871851369; };
9EF5E729C644031330694F58 = { isa = PBXFileReference; lastKnownFileType = sourcecode.swift; path = "Nova/NovaApp.swift"; sourceTree = SOURCE_ROOT; };
CF84E0884B7B0D048EB27054 = { isa = PBXBuildFile; fileRef = 9EF5E729C644031330694F58; };
DE082226E60468693806C7DF = { isa = PBXFileReference; lastKnownFileType = sourcecode.swift; path = "Nova/Protocol/PlaybackLedger.swift"; sourceTree = SOURCE_ROOT; };
567BEEA89B0E39BEC6C7E85A = { isa = PBXBuildFile; fileRef = DE082226E60468693806C7DF; };
C8F8B685DB719166AE700D16 = { isa = PBXFileReference; lastKnownFileType = sourcecode.swift; path = "Nova/Protocol/Wire.swift"; sourceTree = SOURCE_ROOT; };
C19E41FED83A771666D5A8EF = { isa = PBXBuildFile; fileRef = C8F8B685DB719166AE700D16; };
C31564BCAF1102D64F4290B1 = { isa = PBXFileReference; lastKnownFileType = sourcecode.swift; path = "Nova/Views/ContentView.swift"; sourceTree = SOURCE_ROOT; };
A0C585781DD314450EB8AA41 = { isa = PBXBuildFile; fileRef = C31564BCAF1102D64F4290B1; };
E05FCB614AB36FDEE72EE1F2 = { isa = PBXFileReference; lastKnownFileType = sourcecode.swift; path = NovaTests/ProtocolTests.swift; sourceTree = SOURCE_ROOT; };
80FAC02A0BD5812E2A00F339 = { isa = PBXBuildFile; fileRef = E05FCB614AB36FDEE72EE1F2; };
51CFF3C1F0BC59F6187E7040 = { isa = PBXFileReference; lastKnownFileType = text.json; path = "../../../fixtures/client-protocol/v1/vectors.json"; sourceTree = SOURCE_ROOT; };
F0AA6E63368F7E11EBFCADF2 = { isa = PBXBuildFile; fileRef = 51CFF3C1F0BC59F6187E7040; };
7D1043473D55BFA90E8530D3 = { isa = PBXFileReference; explicitFileType = wrapper.application; path = Nova.app; sourceTree = BUILT_PRODUCTS_DIR; };
4A19557DC1B96C20DFA19772 = { isa = PBXFileReference; explicitFileType = wrapper.cfbundle; path = NovaTests.xctest; sourceTree = BUILT_PRODUCTS_DIR; };
FBDC4F23F93125BBEEAE800C = { isa = PBXGroup; name = Products; children = (7D1043473D55BFA90E8530D3,4A19557DC1B96C20DFA19772,); sourceTree = "<group>"; };
DC76E9F0C0006E8F919E0C51 = { isa = PBXGroup; children = (D44000000000000000000002,D44000000000000000000001,C33000000000000000000002,C33000000000000000000001,B22000000000000000000001,A11000000000000000000051,A11000000000000000000041,A11000000000000000000031,A11000000000000000000021,A11000000000000000000011,A11000000000000000000001,7688438DA4AF42F3BC04364C,58A7FC6A52DE002DF046A37D,0EF9756782B7ABD871851369,9EF5E729C644031330694F58,DE082226E60468693806C7DF,C8F8B685DB719166AE700D16,C31564BCAF1102D64F4290B1,E05FCB614AB36FDEE72EE1F2,51CFF3C1F0BC59F6187E7040,FBDC4F23F93125BBEEAE800C,); sourceTree = "<group>"; };
BCE16DD0260827ECF338C787 = { isa = PBXSourcesBuildPhase; buildActionMask = 2147483647; files = (D44000000000000000000012,D44000000000000000000011,C33000000000000000000012,C33000000000000000000011,B22000000000000000000002,0BB16E5886722ABC84641007,55DE389689C9C1205A43C743,14407905949EB036BD448714,CF84E0884B7B0D048EB27054,567BEEA89B0E39BEC6C7E85A,C19E41FED83A771666D5A8EF,A0C585781DD314450EB8AA41,); runOnlyForDeploymentPostprocessing = 0; };
9F3002A5D69B22D357A58AA9 = { isa = PBXSourcesBuildPhase; buildActionMask = 2147483647; files = (80FAC02A0BD5812E2A00F339,); runOnlyForDeploymentPostprocessing = 0; };
0189424A5A60FED329FA868E = { isa = PBXResourcesBuildPhase; buildActionMask = 2147483647; files = (A11000000000000000000012,A11000000000000000000022,A11000000000000000000032,A11000000000000000000042,A11000000000000000000052,); runOnlyForDeploymentPostprocessing = 0; };
C584AE92222380FB29B6223F = { isa = PBXResourcesBuildPhase; buildActionMask = 2147483647; files = (F0AA6E63368F7E11EBFCADF2,); runOnlyForDeploymentPostprocessing = 0; };
7561BFB015D8F536760CB671 = { isa = PBXFrameworksBuildPhase; buildActionMask = 2147483647; files = (); runOnlyForDeploymentPostprocessing = 0; };
99C7943D90D870A50ADE9160 = { isa = PBXFrameworksBuildPhase; buildActionMask = 2147483647; files = (); runOnlyForDeploymentPostprocessing = 0; };
D799BAE6088A90139B415FCC = { isa = PBXContainerItemProxy; containerPortal = 98F54143AB4E86B28C3AFEE0; proxyType = 1; remoteGlobalIDString = 0E8A3AD980EC179856012B7E; remoteInfo = Nova; };
DE58E2B17C19600779694943 = { isa = PBXTargetDependency; target = 0E8A3AD980EC179856012B7E; targetProxy = D799BAE6088A90139B415FCC; };
0E8A3AD980EC179856012B7E = { isa = PBXNativeTarget; buildConfigurationList = F37922C48DA5978D02C9E50E; buildPhases = (BCE16DD0260827ECF338C787,7561BFB015D8F536760CB671,0189424A5A60FED329FA868E,B22000000000000000000003,); buildRules = (); dependencies = (); name = Nova; productName = Nova; productReference = 7D1043473D55BFA90E8530D3; productType = "com.apple.product-type.application"; };
0A06C5E2DA34E686D888A695 = { isa = PBXNativeTarget; buildConfigurationList = BECB265224D91761C05FDA33; buildPhases = (9F3002A5D69B22D357A58AA9,99C7943D90D870A50ADE9160,C584AE92222380FB29B6223F,); buildRules = (); dependencies = (DE58E2B17C19600779694943,); name = NovaTests; productName = NovaTests; productReference = 4A19557DC1B96C20DFA19772; productType = "com.apple.product-type.bundle.unit-test"; };
89E1FD6268CC0F221A2BE178 = { isa = XCBuildConfiguration; buildSettings = { SWIFT_VERSION = "5.0"; IPHONEOS_DEPLOYMENT_TARGET = "17.0"; SDKROOT = "iphoneos"; CLANG_ENABLE_MODULES = "YES"; SWIFT_OPTIMIZATION_LEVEL = "-Onone"; DEBUG_INFORMATION_FORMAT = "dwarf"; ENABLE_TESTABILITY = "YES"; SWIFT_ACTIVE_COMPILATION_CONDITIONS = "DEBUG"; }; name = Debug; };
E6DE6C99132752C914FEF632 = { isa = XCBuildConfiguration; buildSettings = { SWIFT_VERSION = "5.0"; IPHONEOS_DEPLOYMENT_TARGET = "17.0"; SDKROOT = "iphoneos"; CLANG_ENABLE_MODULES = "YES"; SWIFT_OPTIMIZATION_LEVEL = "-O"; DEBUG_INFORMATION_FORMAT = "dwarf"; ENABLE_TESTABILITY = "NO"; SWIFT_ACTIVE_COMPILATION_CONDITIONS = ""; }; name = Release; };
862894B703A6DEDF96A9DD6C = { isa = XCConfigurationList; buildConfigurations = (89E1FD6268CC0F221A2BE178,E6DE6C99132752C914FEF632,); defaultConfigurationIsVisible = 0; defaultConfigurationName = Release; };
E9B2E96ABC5F6856F2BE79CF = { isa = XCBuildConfiguration; buildSettings = { SWIFT_VERSION = "5.0"; IPHONEOS_DEPLOYMENT_TARGET = "17.0"; SDKROOT = "iphoneos"; CLANG_ENABLE_MODULES = "YES"; SWIFT_OPTIMIZATION_LEVEL = "-Onone"; DEBUG_INFORMATION_FORMAT = "dwarf"; ENABLE_TESTABILITY = "YES"; SWIFT_ACTIVE_COMPILATION_CONDITIONS = "DEBUG"; PRODUCT_BUNDLE_IDENTIFIER = "com.nova.remote-client"; "FRAMEWORK_SEARCH_PATHS[sdk=iphoneos*]" = ("$(inherited)", "$(SRCROOT)/Vendor"); "OTHER_LDFLAGS[sdk=iphoneos*]" = ("$(inherited)", "-framework", "AoqClientSdk"); LD_RUNPATH_SEARCH_PATHS = ("$(inherited)", "@executable_path/Frameworks"); ENABLE_USER_SCRIPT_SANDBOXING = NO; INFOPLIST_FILE = "Nova/Info.plist"; PRODUCT_NAME = "$(TARGET_NAME)"; GENERATE_INFOPLIST_FILE = "YES"; TARGETED_DEVICE_FAMILY = "1,2"; CODE_SIGN_STYLE = "Automatic"; SUPPORTED_PLATFORMS = "iphoneos iphonesimulator"; INFOPLIST_KEY_NSMicrophoneUsageDescription = "Nova uses your microphone only after you start voice, to talk with your private Nova server."; INFOPLIST_KEY_NSLocalNetworkUsageDescription = "Connect to your private Nova server on your network.";   INFOPLIST_KEY_UISupportedInterfaceOrientations = "UIInterfaceOrientationPortrait UIInterfaceOrientationPortraitUpsideDown UIInterfaceOrientationLandscapeLeft UIInterfaceOrientationLandscapeRight"; MARKETING_VERSION = "0.1.0"; CURRENT_PROJECT_VERSION = "1";  }; name = Debug; };
5A8C91857F674E16E2724F47 = { isa = XCBuildConfiguration; buildSettings = { SWIFT_VERSION = "5.0"; IPHONEOS_DEPLOYMENT_TARGET = "17.0"; SDKROOT = "iphoneos"; CLANG_ENABLE_MODULES = "YES"; SWIFT_OPTIMIZATION_LEVEL = "-O"; DEBUG_INFORMATION_FORMAT = "dwarf"; ENABLE_TESTABILITY = "NO"; SWIFT_ACTIVE_COMPILATION_CONDITIONS = ""; PRODUCT_BUNDLE_IDENTIFIER = "com.nova.remote-client"; "FRAMEWORK_SEARCH_PATHS[sdk=iphoneos*]" = ("$(inherited)", "$(SRCROOT)/Vendor"); "OTHER_LDFLAGS[sdk=iphoneos*]" = ("$(inherited)", "-framework", "AoqClientSdk"); LD_RUNPATH_SEARCH_PATHS = ("$(inherited)", "@executable_path/Frameworks"); ENABLE_USER_SCRIPT_SANDBOXING = NO; INFOPLIST_FILE = "Nova/Info.plist"; PRODUCT_NAME = "$(TARGET_NAME)"; GENERATE_INFOPLIST_FILE = "YES"; TARGETED_DEVICE_FAMILY = "1,2"; CODE_SIGN_STYLE = "Automatic"; SUPPORTED_PLATFORMS = "iphoneos iphonesimulator"; INFOPLIST_KEY_NSMicrophoneUsageDescription = "Nova uses your microphone only after you start voice, to talk with your private Nova server."; INFOPLIST_KEY_NSLocalNetworkUsageDescription = "Connect to your private Nova server on your network.";   INFOPLIST_KEY_UISupportedInterfaceOrientations = "UIInterfaceOrientationPortrait UIInterfaceOrientationPortraitUpsideDown UIInterfaceOrientationLandscapeLeft UIInterfaceOrientationLandscapeRight"; MARKETING_VERSION = "0.1.0"; CURRENT_PROJECT_VERSION = "1"; }; name = Release; };
F37922C48DA5978D02C9E50E = { isa = XCConfigurationList; buildConfigurations = (E9B2E96ABC5F6856F2BE79CF,5A8C91857F674E16E2724F47,); defaultConfigurationIsVisible = 0; defaultConfigurationName = Release; };
FCB48D8F88BCDB0ED9FADFD7 = { isa = XCBuildConfiguration; buildSettings = { SWIFT_VERSION = "5.0"; IPHONEOS_DEPLOYMENT_TARGET = "17.0"; SDKROOT = "iphoneos"; CLANG_ENABLE_MODULES = "YES"; SWIFT_OPTIMIZATION_LEVEL = "-Onone"; DEBUG_INFORMATION_FORMAT = "dwarf"; ENABLE_TESTABILITY = "YES"; SWIFT_ACTIVE_COMPILATION_CONDITIONS = "DEBUG"; PRODUCT_BUNDLE_IDENTIFIER = "com.nova.remote-client.tests"; PRODUCT_NAME = "$(TARGET_NAME)"; GENERATE_INFOPLIST_FILE = "YES"; TARGETED_DEVICE_FAMILY = "1,2"; CODE_SIGN_STYLE = "Automatic"; SUPPORTED_PLATFORMS = "iphoneos iphonesimulator"; TEST_HOST = "$(BUILT_PRODUCTS_DIR)/Nova.app/$(BUNDLE_EXECUTABLE_FOLDER_PATH)/Nova"; BUNDLE_LOADER = "$(TEST_HOST)"; }; name = Debug; };
942EEBBACD6C88CAE7F29B29 = { isa = XCBuildConfiguration; buildSettings = { SWIFT_VERSION = "5.0"; IPHONEOS_DEPLOYMENT_TARGET = "17.0"; SDKROOT = "iphoneos"; CLANG_ENABLE_MODULES = "YES"; SWIFT_OPTIMIZATION_LEVEL = "-O"; DEBUG_INFORMATION_FORMAT = "dwarf"; ENABLE_TESTABILITY = "NO"; SWIFT_ACTIVE_COMPILATION_CONDITIONS = ""; PRODUCT_BUNDLE_IDENTIFIER = "com.nova.remote-client.tests"; PRODUCT_NAME = "$(TARGET_NAME)"; GENERATE_INFOPLIST_FILE = "YES"; TARGETED_DEVICE_FAMILY = "1,2"; CODE_SIGN_STYLE = "Automatic"; SUPPORTED_PLATFORMS = "iphoneos iphonesimulator"; TEST_HOST = "$(BUILT_PRODUCTS_DIR)/Nova.app/$(BUNDLE_EXECUTABLE_FOLDER_PATH)/Nova"; BUNDLE_LOADER = "$(TEST_HOST)"; }; name = Release; };
BECB265224D91761C05FDA33 = { isa = XCConfigurationList; buildConfigurations = (FCB48D8F88BCDB0ED9FADFD7,942EEBBACD6C88CAE7F29B29,); defaultConfigurationIsVisible = 0; defaultConfigurationName = Release; };
98F54143AB4E86B28C3AFEE0 = { isa = PBXProject; attributes = { LastUpgradeCheck = 1640; TargetAttributes = { 0E8A3AD980EC179856012B7E = { CreatedOnToolsVersion = 16.4; }; 0A06C5E2DA34E686D888A695 = { CreatedOnToolsVersion = 16.4; TestTargetID = 0E8A3AD980EC179856012B7E; }; }; }; buildConfigurationList = 862894B703A6DEDF96A9DD6C; compatibilityVersion = "Xcode 14.0"; developmentRegion = en; hasScannedForEncodings = 0; knownRegions = (en,Base,); mainGroup = DC76E9F0C0006E8F919E0C51; productRefGroup = FBDC4F23F93125BBEEAE800C; projectDirPath = ""; projectRoot = ""; targets = (0E8A3AD980EC179856012B7E,0A06C5E2DA34E686D888A695,); };
}; rootObject = 98F54143AB4E86B28C3AFEE0; }
